{
  "name": "silence-ws",
  "version": "0.5.2",
  "lockfileVersion": 1,
  "requires": true,
  "dependencies": {
    "silence-chainexecutor": {
      "version": "1.0.1",
      "resolved": "https://registry.npmjs.org/silence-chainexecutor/-/silence-chainexecutor-1.0.1.tgz",
      "integrity": "sha512-hpMeF2X5b5MR2bNS73mchUtHv41ywLIr/y42mQKUli0IzC+/Xw2tVdQbvxOvEd6AoFSsc5AamCFkMjENYH7sDA==",
      "requires": {
        "silence-log": "0.0.4"
      },
      "dependencies": {
        "silence-log": {
          "version": "0.0.4",
          "resolved": "https://registry.npmjs.org/silence-log/-/silence-log-0.0.4.tgz",
          "integrity": "sha1-/Ep7dv+whUks81UoGQXTOcMI+Ag="
        }
      }
    },
    "silence-router": {
      "version": "3.0.3",
      "resolved": "https://registry.npmjs.org/silence-router/-/silence-router-3.0.3.tgz",
      "integrity": "sha512-91cSsrEeoiHY4mHl3HGGI3s4s8G1wDK05sSJiWxURb/SnTPp+/i99Tbbe3l2gMxWNC9JV84KsfO4BPBh75xxpA==",
      "requires": {
        "silence-chainexecutor": "^1.0.1",
        "silence-log": "0.0.4"
      },
      "dependencies": {
        "silence-log": {
          "version": "0.0.4",
          "resolved": "https://registry.npmjs.org/silence-log/-/silence-log-0.0.4.tgz",
          "integrity": "sha1-/Ep7dv+whUks81UoGQXTOcMI+Ag="
        }
      }
    }
  }
}
