{
  "name": "silence-ws",
  "version": "0.5.12",
  "lockfileVersion": 1,
  "requires": true,
  "dependencies": {
    "silence-error": {
      "version": "0.2.1",
      "resolved": "https://registry.npmjs.org/silence-error/-/silence-error-0.2.1.tgz",
      "integrity": "sha1-wC5v9Pq3TAaGrmqd57ipIaJ30iw="
    },
    "silence-log": {
      "version": "0.0.4",
      "resolved": "https://registry.npmjs.org/silence-log/-/silence-log-0.0.4.tgz",
      "integrity": "sha1-/Ep7dv+whUks81UoGQXTOcMI+Ag="
    }
  }
}
